
Microsoft Visual Studio Solution File, Format Version 12.00
# Visual Studio 14
VisualStudioVersion = 14.0.25420.1
MinimumVisualStudioVersion = 10.0.40219.1
Project("{FAE04EC0-301F-11D3-BF4B-00C04F79EFBC}") = "GlitchHelper", "GlitchHelper\GlitchHelper.csproj", "{75A8BEC6-8425-4A89-AAF8-12547370E18A}"
EndProject
Project("{FAE04EC0-301F-11D3-BF4B-00C04F79EFBC}") = "PluginBase", "PluginBase\PluginBase.csproj", "{886ED6AF-EBE9-463A-B924-123DF1041FF0}"
EndProject
Project("{FAE04EC0-301F-11D3-BF4B-00C04F79EFBC}") = "NetworkGraphics", "NetworkGraphics\NetworkGraphics.csproj", "{712A53F3-C5C2-4357-A0A9-17C522453B29}"
EndProject
Project("{FAE04EC0-301F-11D3-BF4B-00C04F79EFBC}") = "ISOBaseMediaFormat", "ISOBaseMediaFormat\ISOBaseMediaFormat.csproj", "{147F0803-0DB9-43F2-AED6-0910E8AACC8A}"
EndProject
Global
	GlobalSection(SolutionConfigurationPlatforms) = preSolution
		Debug|Any CPU = Debug|Any CPU
		Release|Any CPU = Release|Any CPU
	EndGlobalSection
	GlobalSection(ProjectConfigurationPlatforms) = postSolution
		{75A8BEC6-8425-4A89-AAF8-12547370E18A}.Debug|Any CPU.ActiveCfg = Debug|Any CPU
		{75A8BEC6-8425-4A89-AAF8-12547370E18A}.Debug|Any CPU.Build.0 = Debug|Any CPU
		{75A8BEC6-8425-4A89-AAF8-12547370E18A}.Release|Any CPU.ActiveCfg = Release|Any CPU
		{75A8BEC6-8425-4A89-AAF8-12547370E18A}.Release|Any CPU.Build.0 = Release|Any CPU
		{886ED6AF-EBE9-463A-B924-123DF1041FF0}.Debug|Any CPU.ActiveCfg = Debug|Any CPU
		{886ED6AF-EBE9-463A-B924-123DF1041FF0}.Debug|Any CPU.Build.0 = Debug|Any CPU
		{886ED6AF-EBE9-463A-B924-123DF1041FF0}.Release|Any CPU.ActiveCfg = Release|Any CPU
		{886ED6AF-EBE9-463A-B924-123DF1041FF0}.Release|Any CPU.Build.0 = Release|Any CPU
		{712A53F3-C5C2-4357-A0A9-17C522453B29}.Debug|Any CPU.ActiveCfg = Debug|Any CPU
		{712A53F3-C5C2-4357-A0A9-17C522453B29}.Debug|Any CPU.Build.0 = Debug|Any CPU
		{712A53F3-C5C2-4357-A0A9-17C522453B29}.Release|Any CPU.ActiveCfg = Release|Any CPU
		{712A53F3-C5C2-4357-A0A9-17C522453B29}.Release|Any CPU.Build.0 = Release|Any CPU
		{147F0803-0DB9-43F2-AED6-0910E8AACC8A}.Debug|Any CPU.ActiveCfg = Debug|Any CPU
		{147F0803-0DB9-43F2-AED6-0910E8AACC8A}.Debug|Any CPU.Build.0 = Debug|Any CPU
		{147F0803-0DB9-43F2-AED6-0910E8AACC8A}.Release|Any CPU.ActiveCfg = Release|Any CPU
		{147F0803-0DB9-43F2-AED6-0910E8AACC8A}.Release|Any CPU.Build.0 = Release|Any CPU
	EndGlobalSection
	GlobalSection(SolutionProperties) = preSolution
		HideSolutionNode = FALSE
	EndGlobalSection
EndGlobal
